
Microsoft Visual Studio Solution File, Format Version 12.00
# Visual Studio Version 17
VisualStudioVersion = 17.0.31903.59
MinimumVisualStudioVersion = 10.0.40219.1
Project("{2150E333-8FDC-42A3-9474-1A3956D46DE8}") = "src", "src", "{87D03FEB-B722-440A-AD2B-904CD2CADB78}"
EndProject
Project("{FAE04EC0-301F-11D3-BF4B-00C04F79EFBC}") = "DmxConsole.Core", "src\DmxConsole.Core\DmxConsole.Core.csproj", "{CD942974-018E-4B09-AE97-BFF832AA50AE}"
EndProject
Project("{FAE04EC0-301F-11D3-BF4B-00C04F79EFBC}") = "DmxConsole.Protocols", "src\DmxConsole.Protocols\DmxConsole.Protocols.csproj", "{54F18DDB-D604-4990-9538-77C04D6FB902}"
EndProject
Project("{FAE04EC0-301F-11D3-BF4B-00C04F79EFBC}") = "DmxConsole.Fixtures", "src\DmxConsole.Fixtures\DmxConsole.Fixtures.csproj", "{C5D82F87-931F-4CF7-9CD8-A4BBBEFC8E3E}"
EndProject
Project("{2150E333-8FDC-42A3-9474-1A3956D46DE8}") = "tests", "tests", "{8FC2B0E1-48D7-4446-8273-6181F29A32E4}"
EndProject
Project("{FAE04EC0-301F-11D3-BF4B-00C04F79EFBC}") = "DmxConsole.Core.Tests", "tests\DmxConsole.Core.Tests\DmxConsole.Core.Tests.csproj", "{65BA048F-4FE1-4390-9DC5-6F60400C3543}"
EndProject
Project("{FAE04EC0-301F-11D3-BF4B-00C04F79EFBC}") = "DmxConsole.Protocols.Tests", "tests\DmxConsole.Protocols.Tests\DmxConsole.Protocols.Tests.csproj", "{41BE8161-12DF-4FAB-BA4C-8725DEFF2537}"
EndProject
Project("{FAE04EC0-301F-11D3-BF4B-00C04F79EFBC}") = "DmxConsole.Web", "src\DmxConsole.Web\DmxConsole.Web.csproj", "{91D43AC5-B5AF-4130-B9F3-AD8D7E4C1A07}"
EndProject
Project("{FAE04EC0-301F-11D3-BF4B-00C04F79EFBC}") = "DmxConsole.Application", "src\DmxConsole.Application\DmxConsole.Application.csproj", "{7F157C3B-10FF-45E6-A41B-A2E29FC3BE66}"
EndProject
Project("{FAE04EC0-301F-11D3-BF4B-00C04F79EFBC}") = "DmxConsole.Application.Tests", "tests\DmxConsole.Application.Tests\DmxConsole.Application.Tests.csproj", "{464766F4-C1D4-4580-998F-9B51933C4B5C}"
EndProject
Global
	GlobalSection(SolutionConfigurationPlatforms) = preSolution
		Debug|Any CPU = Debug|Any CPU
		Release|Any CPU = Release|Any CPU
	EndGlobalSection
	GlobalSection(SolutionProperties) = preSolution
		HideSolutionNode = FALSE
	EndGlobalSection
	GlobalSection(ProjectConfigurationPlatforms) = postSolution
		{CD942974-018E-4B09-AE97-BFF832AA50AE}.Debug|Any CPU.ActiveCfg = Debug|Any CPU
		{CD942974-018E-4B09-AE97-BFF832AA50AE}.Debug|Any CPU.Build.0 = Debug|Any CPU
		{CD942974-018E-4B09-AE97-BFF832AA50AE}.Release|Any CPU.ActiveCfg = Release|Any CPU
		{CD942974-018E-4B09-AE97-BFF832AA50AE}.Release|Any CPU.Build.0 = Release|Any CPU
		{54F18DDB-D604-4990-9538-77C04D6FB902}.Debug|Any CPU.ActiveCfg = Debug|Any CPU
		{54F18DDB-D604-4990-9538-77C04D6FB902}.Debug|Any CPU.Build.0 = Debug|Any CPU
		{54F18DDB-D604-4990-9538-77C04D6FB902}.Release|Any CPU.ActiveCfg = Release|Any CPU
		{54F18DDB-D604-4990-9538-77C04D6FB902}.Release|Any CPU.Build.0 = Release|Any CPU
		{C5D82F87-931F-4CF7-9CD8-A4BBBEFC8E3E}.Debug|Any CPU.ActiveCfg = Debug|Any CPU
		{C5D82F87-931F-4CF7-9CD8-A4BBBEFC8E3E}.Debug|Any CPU.Build.0 = Debug|Any CPU
		{C5D82F87-931F-4CF7-9CD8-A4BBBEFC8E3E}.Release|Any CPU.ActiveCfg = Release|Any CPU
		{C5D82F87-931F-4CF7-9CD8-A4BBBEFC8E3E}.Release|Any CPU.Build.0 = Release|Any CPU
		{65BA048F-4FE1-4390-9DC5-6F60400C3543}.Debug|Any CPU.ActiveCfg = Debug|Any CPU
		{65BA048F-4FE1-4390-9DC5-6F60400C3543}.Debug|Any CPU.Build.0 = Debug|Any CPU
		{65BA048F-4FE1-4390-9DC5-6F60400C3543}.Release|Any CPU.ActiveCfg = Release|Any CPU
		{65BA048F-4FE1-4390-9DC5-6F60400C3543}.Release|Any CPU.Build.0 = Release|Any CPU
		{41BE8161-12DF-4FAB-BA4C-8725DEFF2537}.Debug|Any CPU.ActiveCfg = Debug|Any CPU
		{41BE8161-12DF-4FAB-BA4C-8725DEFF2537}.Debug|Any CPU.Build.0 = Debug|Any CPU
		{41BE8161-12DF-4FAB-BA4C-8725DEFF2537}.Release|Any CPU.ActiveCfg = Release|Any CPU
		{41BE8161-12DF-4FAB-BA4C-8725DEFF2537}.Release|Any CPU.Build.0 = Release|Any CPU
		{91D43AC5-B5AF-4130-B9F3-AD8D7E4C1A07}.Debug|Any CPU.ActiveCfg = Debug|Any CPU
		{91D43AC5-B5AF-4130-B9F3-AD8D7E4C1A07}.Debug|Any CPU.Build.0 = Debug|Any CPU
		{91D43AC5-B5AF-4130-B9F3-AD8D7E4C1A07}.Release|Any CPU.ActiveCfg = Release|Any CPU
		{91D43AC5-B5AF-4130-B9F3-AD8D7E4C1A07}.Release|Any CPU.Build.0 = Release|Any CPU
		{7F157C3B-10FF-45E6-A41B-A2E29FC3BE66}.Debug|Any CPU.ActiveCfg = Debug|Any CPU
		{7F157C3B-10FF-45E6-A41B-A2E29FC3BE66}.Debug|Any CPU.Build.0 = Debug|Any CPU
		{7F157C3B-10FF-45E6-A41B-A2E29FC3BE66}.Release|Any CPU.ActiveCfg = Release|Any CPU
		{7F157C3B-10FF-45E6-A41B-A2E29FC3BE66}.Release|Any CPU.Build.0 = Release|Any CPU
		{464766F4-C1D4-4580-998F-9B51933C4B5C}.Debug|Any CPU.ActiveCfg = Debug|Any CPU
		{464766F4-C1D4-4580-998F-9B51933C4B5C}.Debug|Any CPU.Build.0 = Debug|Any CPU
		{464766F4-C1D4-4580-998F-9B51933C4B5C}.Release|Any CPU.ActiveCfg = Release|Any CPU
		{464766F4-C1D4-4580-998F-9B51933C4B5C}.Release|Any CPU.Build.0 = Release|Any CPU
	EndGlobalSection
	GlobalSection(NestedProjects) = preSolution
		{CD942974-018E-4B09-AE97-BFF832AA50AE} = {87D03FEB-B722-440A-AD2B-904CD2CADB78}
		{54F18DDB-D604-4990-9538-77C04D6FB902} = {87D03FEB-B722-440A-AD2B-904CD2CADB78}
		{C5D82F87-931F-4CF7-9CD8-A4BBBEFC8E3E} = {87D03FEB-B722-440A-AD2B-904CD2CADB78}
		{65BA048F-4FE1-4390-9DC5-6F60400C3543} = {8FC2B0E1-48D7-4446-8273-6181F29A32E4}
		{41BE8161-12DF-4FAB-BA4C-8725DEFF2537} = {8FC2B0E1-48D7-4446-8273-6181F29A32E4}
		{91D43AC5-B5AF-4130-B9F3-AD8D7E4C1A07} = {87D03FEB-B722-440A-AD2B-904CD2CADB78}
		{7F157C3B-10FF-45E6-A41B-A2E29FC3BE66} = {87D03FEB-B722-440A-AD2B-904CD2CADB78}
		{464766F4-C1D4-4580-998F-9B51933C4B5C} = {8FC2B0E1-48D7-4446-8273-6181F29A32E4}
	EndGlobalSection
EndGlobal
